// !$*UTF8*$!
{
	archiveVersion = 1;
	classes = {
	};
	objectVersion = 46;
	objects = {

/* Begin PBXBuildFile section */
		17DEB0841CB4438500D3246E /* AXCScreenSaverView.h in Headers */ = {isa = PBXBuildFile; fileRef = 17DEB0831CB4438500D3246E /* AXCScreenSaverView.h */; };
		17DEB0861CB4438500D3246E /* AXCScreenSaverView.m in Sources */ = {isa = PBXBuildFile; fileRef = 17DEB0851CB4438500D3246E /* AXCScreenSaverView.m */; };
/* End PBXBuildFile section */

/* Begin PBXFileReference section */
		17DEB0801CB4438500D3246E /* AXCScreenSaver.saver */ = {isa = PBXFileReference; explicitFileType = wrapper.cfbundle; includeInIndex = 0; path = AXCScreenSaver.saver; sourceTree = BUILT_PRODUCTS_DIR; };
		17DEB0831CB4438500D3246E /* AXCScreenSaverView.h */ = {isa = PBXFileReference; lastKnownFileType = sourcecode.c.h; path = AXCScreenSaverView.h; sourceTree = "<group>"; };
		17DEB0851CB4438500D3246E /* AXCScreenSaverView.m */ = {isa = PBXFileReference; lastKnownFileType = sourcecode.c.objc; path = AXCScreenSaverView.m; sourceTree = "<group>"; };
		17DEB0871CB4438500D3246E /* Info.plist */ = {isa = PBXFileReference; lastKnownFileType = text.plist.xml; path = Info.plist; sourceTree = "<group>"; };
/* End PBXFileReference section */

/* Begin PBXFrameworksBuildPhase section */
		17DEB07C1CB4438500D3246E /* Frameworks */ = {
			isa = PBXFrameworksBuildPhase;
			buildActionMask = 2147483647;
			files = (
			);
			runOnlyForDeploymentPostprocessing = 0;
		};
/* End PBXFrameworksBuildPhase section */

/* Begin PBXGroup section */
		17DEB0761CB4438500D3246E = {
			isa = PBXGroup;
			children = (
				17DEB0821CB4438500D3246E /* AXCScreenSaver */,
				17DEB0811CB4438500D3246E /* Products */,
			);
			sourceTree = "<group>";
		};
		17DEB0811CB4438500D3246E /* Products */ = {
			isa = PBXGroup;
			children = (
				17DEB0801CB4438500D3246E /* AXCScreenSaver.saver */,
			);
			name = Products;
			sourceTree = "<group>";
		};
		17DEB0821CB4438500D3246E /* AXCScreenSaver */ = {
			isa = PBXGroup;
			children = (
				17DEB0831CB4438500D3246E /* AXCScreenSaverView.h */,
				17DEB0851CB4438500D3246E /* AXCScreenSaverView.m */,
				17DEB0871CB4438500D3246E /* Info.plist */,
			);
			path = AXCScreenSaver;
			sourceTree = "<group>";
		};
/* End PBXGroup section */

/* Begin PBXHeadersBuildPhase section */
		17DEB07D1CB4438500D3246E /* Headers */ = {
			isa = PBXHeadersBuildPhase;
			buildActionMask = 2147483647;
			files = (
				17DEB0841CB4438500D3246E /* AXCScreenSaverView.h in Headers */,
			);
			runOnlyForDeploymentPostprocessing = 0;
		};
/* End PBXHeadersBuildPhase section */

/* Begin PBXNativeTarget section */
		17DEB07F1CB4438500D3246E /* AXCScreenSaver */ = {
			isa = PBXNativeTarget;
			buildConfigurationList = 17DEB08A1CB4438500D3246E /* Build configuration list for PBXNativeTarget "AXCScreenSaver" */;
			buildPhases = (
				17DEB07B1CB4438500D3246E /* Sources */,
				17DEB07C1CB4438500D3246E /* Frameworks */,
				17DEB07D1CB4438500D3246E /* Headers */,
				17DEB07E1CB4438500D3246E /* Resources */,
			);
			buildRules = (
			);
			dependencies = (
			);
			name = AXCScreenSaver;
			productName = AXCScreenSaver;
			productReference = 17DEB0801CB4438500D3246E /* AXCScreenSaver.saver */;
			productType = "com.apple.product-type.bundle";
		};
/* End PBXNativeTarget section */

/* Begin PBXProject section */
		17DEB0771CB4438500D3246E /* Project object */ = {
			isa = PBXProject;
			attributes = {
				LastUpgradeCheck = 0730;
				ORGANIZATIONNAME = CHOI;
				TargetAttributes = {
					17DEB07F1CB4438500D3246E = {
						CreatedOnToolsVersion = 7.3;
					};
				};
			};
			buildConfigurationList = 17DEB07A1CB4438500D3246E /* Build configuration list for PBXProject "AXCScreenSaver" */;
			compatibilityVersion = "Xcode 3.2";
			developmentRegion = English;
			hasScannedForEncodings = 0;
			knownRegions = (
				en,
			);
			mainGroup = 17DEB0761CB4438500D3246E;
			productRefGroup = 17DEB0811CB4438500D3246E /* Products */;
			projectDirPath = "";
			projectRoot = "";
			targets = (
				17DEB07F1CB4438500D3246E /* AXCScreenSaver */,
			);
		};
/* End PBXProject section */

/* Begin PBXResourcesBuildPhase section */
		17DEB07E1CB4438500D3246E /* Resources */ = {
			isa = PBXResourcesBuildPhase;
			buildActionMask = 2147483647;
			files = (
			);
			runOnlyForDeploymentPostprocessing = 0;
		};
/* End PBXResourcesBuildPhase section */

/* Begin PBXSourcesBuildPhase section */
		17DEB07B1CB4438500D3246E /* Sources */ = {
			isa = PBXSourcesBuildPhase;
			buildActionMask = 2147483647;
			files = (
				17DEB0861CB4438500D3246E /* AXCScreenSaverView.m in Sources */,
			);
			runOnlyForDeploymentPostprocessing = 0;
		};
/* End PBXSourcesBuildPhase section */

/* Begin XCBuildConfiguration section */
		17DEB0881CB4438500D3246E /* Debug */ = {
			isa = XCBuildConfiguration;
			buildSettings = {
				ALWAYS_SEARCH_USER_PATHS = NO;
				CLANG_ANALYZER_NONNULL = YES;
				CLANG_CXX_LANGUAGE_STANDARD = "gnu++0x";
				CLANG_CXX_LIBRARY = "libc++";
				CLANG_ENABLE_MODULES = YES;
				CLANG_ENABLE_OBJC_ARC = YES;
				CLANG_WARN_BOOL_CONVERSION = YES;
				CLANG_WARN_CONSTANT_CONVERSION = YES;
				CLANG_WARN_DIRECT_OBJC_ISA_USAGE = YES_ERROR;
				CLANG_WARN_EMPTY_BODY = YES;
				CLANG_WARN_ENUM_CONVERSION = YES;
				CLANG_WARN_INT_CONVERSION = YES;
				CLANG_WARN_OBJC_ROOT_CLASS = YES_ERROR;
				CLANG_WARN_UNREACHABLE_CODE = YES;
				CLANG_WARN__DUPLICATE_METHOD_MATCH = YES;
				CODE_SIGN_IDENTITY = "-";
				COPY_PHASE_STRIP = NO;
				DEBUG_INFORMATION_FORMAT = dwarf;
				ENABLE_STRICT_OBJC_MSGSEND = YES;
				ENABLE_TESTABILITY = YES;
				GCC_C_LANGUAGE_STANDARD = gnu99;
				GCC_DYNAMIC_NO_PIC = NO;
				GCC_NO_COMMON_BLOCKS = YES;
				GCC_OPTIMIZATION_LEVEL = 0;
				GCC_PREPROCESSOR_DEFINITIONS = (
					"DEBUG=1",
					"$(inherited)",
				);
				GCC_WARN_64_TO_32_BIT_CONVERSION = YES;
				GCC_WARN_ABOUT_RETURN_TYPE = YES_ERROR;
				GCC_WARN_UNDECLARED_SELECTOR = YES;
				GCC_WARN_UNINITIALIZED_AUTOS = YES_AGGRESSIVE;
				GCC_WARN_UNUSED_FUNCTION = YES;
				GCC_WARN_UNUSED_VARIABLE = YES;
				MACOSX_DEPLOYMENT_TARGET = 10.11;
				MTL_ENABLE_DEBUG_INFO = YES;
				ONLY_ACTIVE_ARCH = YES;
				SDKROOT = macosx;
			};
			name = Debug;
		};
		17DEB0891CB4438500D3246E /* Release */ = {
			isa = XCBuildConfiguration;
			buildSettings = {
				ALWAYS_SEARCH_USER_PATHS = NO;
				CLANG_ANALYZER_NONNULL = YES;
				CLANG_CXX_LANGUAGE_STANDARD = "gnu++0x";
				CLANG_CXX_LIBRARY = "libc++";
				CLANG_ENABLE_MODULES = YES;
				CLANG_ENABLE_OBJC_ARC = YES;
				CLANG_WARN_BOOL_CONVERSION = YES;
				CLANG_WARN_CONSTANT_CONVERSION = YES;
				CLANG_WARN_DIRECT_OBJC_ISA_USAGE = YES_ERROR;
				CLANG_WARN_EMPTY_BODY = YES;
				CLANG_WARN_ENUM_CONVERSION = YES;
				CLANG_WARN_INT_CONVERSION = YES;
				CLANG_WARN_OBJC_ROOT_CLASS = YES_ERROR;
				CLANG_WARN_UNREACHABLE_CODE = YES;
				CLANG_WARN__DUPLICATE_METHOD_MATCH = YES;
				CODE_SIGN_IDENTITY = "-";
				COPY_PHASE_STRIP = NO;
				DEBUG_INFORMATION_FORMAT = "dwarf-with-dsym";
				ENABLE_NS_ASSERTIONS = NO;
				ENABLE_STRICT_OBJC_MSGSEND = YES;
				GCC_C_LANGUAGE_STANDARD = gnu99;
				GCC_NO_COMMON_BLOCKS = YES;
				GCC_WARN_64_TO_32_BIT_CONVERSION = YES;
				GCC_WARN_ABOUT_RETURN_TYPE = YES_ERROR;
				GCC_WARN_UNDECLARED_SELECTOR = YES;
				GCC_WARN_UNINITIALIZED_AUTOS = YES_AGGRESSIVE;
				GCC_WARN_UNUSED_FUNCTION = YES;
				GCC_WARN_UNUSED_VARIABLE = YES;
				MACOSX_DEPLOYMENT_TARGET = 10.11;
				MTL_ENABLE_DEBUG_INFO = NO;
				SDKROOT = macosx;
			};
			name = Release;
		};
		17DEB08B1CB4438500D3246E /* Debug */ = {
			isa = XCBuildConfiguration;
			buildSettings = {
				COMBINE_HIDPI_IMAGES = YES;
				INFOPLIST_FILE = AXCScreenSaver/Info.plist;
				INSTALL_PATH = "$(HOME)/Library/Screen Savers";
				PRODUCT_BUNDLE_IDENTIFIER = CHOI.AXCScreenSaver;
				PRODUCT_NAME = "$(TARGET_NAME)";
				WRAPPER_EXTENSION = saver;
			};
			name = Debug;
		};
		17DEB08C1CB4438500D3246E /* Release */ = {
			isa = XCBuildConfiguration;
			buildSettings = {
				COMBINE_HIDPI_IMAGES = YES;
				INFOPLIST_FILE = AXCScreenSaver/Info.plist;
				INSTALL_PATH = "$(HOME)/Library/Screen Savers";
				PRODUCT_BUNDLE_IDENTIFIER = CHOI.AXCScreenSaver;
				PRODUCT_NAME = "$(TARGET_NAME)";
				WRAPPER_EXTENSION = saver;
			};
			name = Release;
		};
/* End XCBuildConfiguration section */

/* Begin XCConfigurationList section */
		17DEB07A1CB4438500D3246E /* Build configuration list for PBXProject "AXCScreenSaver" */ = {
			isa = XCConfigurationList;
			buildConfigurations = (
				17DEB0881CB4438500D3246E /* Debug */,
				17DEB0891CB4438500D3246E /* Release */,
			);
			defaultConfigurationIsVisible = 0;
			defaultConfigurationName = Release;
		};
		17DEB08A1CB4438500D3246E /* Build configuration list for PBXNativeTarget "AXCScreenSaver" */ = {
			isa = XCConfigurationList;
			buildConfigurations = (
				17DEB08B1CB4438500D3246E /* Debug */,
				17DEB08C1CB4438500D3246E /* Release */,
			);
			defaultConfigurationIsVisible = 0;
		};
/* End XCConfigurationList section */
	};
	rootObject = 17DEB0771CB4438500D3246E /* Project object */;
}
